
Microsoft Visual Studio Solution File, Format Version 12.00
# Visual Studio Version 16
VisualStudioVersion = 16.0.32126.315
MinimumVisualStudioVersion = 10.0.40219.1
Project("{9A19103F-16F7-4668-BE54-9A1E7A4F7556}") = "Project1-School", "Project1-School.csproj", "{B0547EE0-C110-4908-A76F-22E23FCF6679}"
EndProject
Project("{FAE04EC0-301F-11D3-BF4B-00C04F79EFBC}") = "ConsoleApp1", "..\ConsoleApp1\ConsoleApp1.csproj", "{800D9E3E-E287-4E8F-94CF-F5FD4F84A1B9}"
EndProject
Project("{FAE04EC0-301F-11D3-BF4B-00C04F79EFBC}") = "Assignment1", "..\Assignment1\Assignment1.csproj", "{AB0081D0-7045-4C9C-9691-BDB4F9CB348A}"
EndProject
Global
	GlobalSection(SolutionConfigurationPlatforms) = preSolution
		Debug|Any CPU = Debug|Any CPU
		Release|Any CPU = Release|Any CPU
	EndGlobalSection
	GlobalSection(ProjectConfigurationPlatforms) = postSolution
		{B0547EE0-C110-4908-A76F-22E23FCF6679}.Debug|Any CPU.ActiveCfg = Debug|Any CPU
		{B0547EE0-C110-4908-A76F-22E23FCF6679}.Debug|Any CPU.Build.0 = Debug|Any CPU
		{B0547EE0-C110-4908-A76F-22E23FCF6679}.Release|Any CPU.ActiveCfg = Release|Any CPU
		{B0547EE0-C110-4908-A76F-22E23FCF6679}.Release|Any CPU.Build.0 = Release|Any CPU
		{800D9E3E-E287-4E8F-94CF-F5FD4F84A1B9}.Debug|Any CPU.ActiveCfg = Debug|Any CPU
		{800D9E3E-E287-4E8F-94CF-F5FD4F84A1B9}.Debug|Any CPU.Build.0 = Debug|Any CPU
		{800D9E3E-E287-4E8F-94CF-F5FD4F84A1B9}.Release|Any CPU.ActiveCfg = Release|Any CPU
		{800D9E3E-E287-4E8F-94CF-F5FD4F84A1B9}.Release|Any CPU.Build.0 = Release|Any CPU
		{AB0081D0-7045-4C9C-9691-BDB4F9CB348A}.Debug|Any CPU.ActiveCfg = Debug|Any CPU
		{AB0081D0-7045-4C9C-9691-BDB4F9CB348A}.Debug|Any CPU.Build.0 = Debug|Any CPU
		{AB0081D0-7045-4C9C-9691-BDB4F9CB348A}.Release|Any CPU.ActiveCfg = Release|Any CPU
		{AB0081D0-7045-4C9C-9691-BDB4F9CB348A}.Release|Any CPU.Build.0 = Release|Any CPU
	EndGlobalSection
	GlobalSection(SolutionProperties) = preSolution
		HideSolutionNode = FALSE
	EndGlobalSection
	GlobalSection(ExtensibilityGlobals) = postSolution
		SolutionGuid = {12692B35-21B2-4946-9D9C-8C53B6F45853}
	EndGlobalSection
EndGlobal
